
Microsoft Visual Studio Solution File, Format Version 12.00
# Visual Studio Version 16
VisualStudioVersion = 16.0.29806.167
MinimumVisualStudioVersion = 10.0.40219.1
Project("{FAE04EC0-301F-11D3-BF4B-00C04F79EFBC}") = "SortingGeneriComplexObjects", "SortingGeneriComplexObjects.csproj", "{D582F74F-15A7-4EC6-B193-85B335F73C23}"
EndProject
Global
	GlobalSection(SolutionConfigurationPlatforms) = preSolution
		Debug|Any CPU = Debug|Any CPU
		Release|Any CPU = Release|Any CPU
	EndGlobalSection
	GlobalSection(ProjectConfigurationPlatforms) = postSolution
		{D582F74F-15A7-4EC6-B193-85B335F73C23}.Debug|Any CPU.ActiveCfg = Debug|Any CPU
		{D582F74F-15A7-4EC6-B193-85B335F73C23}.Debug|Any CPU.Build.0 = Debug|Any CPU
		{D582F74F-15A7-4EC6-B193-85B335F73C23}.Release|Any CPU.ActiveCfg = Release|Any CPU
		{D582F74F-15A7-4EC6-B193-85B335F73C23}.Release|Any CPU.Build.0 = Release|Any CPU
	EndGlobalSection
	GlobalSection(SolutionProperties) = preSolution
		HideSolutionNode = FALSE
	EndGlobalSection
	GlobalSection(ExtensibilityGlobals) = postSolution
		SolutionGuid = {F137E9D8-F44E-49B8-9AFD-253BFB604B16}
	EndGlobalSection
EndGlobal
